
Microsoft Visual Studio Solution File, Format Version 12.00
# Visual Studio Version 17
VisualStudioVersion = 17.0.31903.59
MinimumVisualStudioVersion = 10.0.40219.1
Project("{FAE04EC0-301F-11D3-BF4B-00C04F79EFBC}") = "Shared", "Shared\Shared.csproj", "{E2A74106-0834-48C1-8357-50492F4FD2E4}"
EndProject
Project("{FAE04EC0-301F-11D3-BF4B-00C04F79EFBC}") = "Gateway", "Gateway\Gateway.csproj", "{3C41498F-CF50-4C96-B6CD-7572EC269EC7}"
EndProject
Project("{FAE04EC0-301F-11D3-BF4B-00C04F79EFBC}") = "GameServer", "GameServer\GameServer.csproj", "{9223EDB9-B671-4A2C-A002-8837F5B6F9E4}"
EndProject
Project("{FAE04EC0-301F-11D3-BF4B-00C04F79EFBC}") = "Client", "Client\Client.csproj", "{4483CC5E-86E2-435F-BA53-74DAB2B9F25C}"
EndProject
Global
	GlobalSection(SolutionConfigurationPlatforms) = preSolution
		Debug|Any CPU = Debug|Any CPU
		Release|Any CPU = Release|Any CPU
	EndGlobalSection
	GlobalSection(SolutionProperties) = preSolution
		HideSolutionNode = FALSE
	EndGlobalSection
	GlobalSection(ProjectConfigurationPlatforms) = postSolution
		{E2A74106-0834-48C1-8357-50492F4FD2E4}.Debug|Any CPU.ActiveCfg = Debug|Any CPU
		{E2A74106-0834-48C1-8357-50492F4FD2E4}.Debug|Any CPU.Build.0 = Debug|Any CPU
		{E2A74106-0834-48C1-8357-50492F4FD2E4}.Release|Any CPU.ActiveCfg = Release|Any CPU
		{E2A74106-0834-48C1-8357-50492F4FD2E4}.Release|Any CPU.Build.0 = Release|Any CPU
		{3C41498F-CF50-4C96-B6CD-7572EC269EC7}.Debug|Any CPU.ActiveCfg = Debug|Any CPU
		{3C41498F-CF50-4C96-B6CD-7572EC269EC7}.Debug|Any CPU.Build.0 = Debug|Any CPU
		{3C41498F-CF50-4C96-B6CD-7572EC269EC7}.Release|Any CPU.ActiveCfg = Release|Any CPU
		{3C41498F-CF50-4C96-B6CD-7572EC269EC7}.Release|Any CPU.Build.0 = Release|Any CPU
		{9223EDB9-B671-4A2C-A002-8837F5B6F9E4}.Debug|Any CPU.ActiveCfg = Debug|Any CPU
		{9223EDB9-B671-4A2C-A002-8837F5B6F9E4}.Debug|Any CPU.Build.0 = Debug|Any CPU
		{9223EDB9-B671-4A2C-A002-8837F5B6F9E4}.Release|Any CPU.ActiveCfg = Release|Any CPU
		{9223EDB9-B671-4A2C-A002-8837F5B6F9E4}.Release|Any CPU.Build.0 = Release|Any CPU
		{4483CC5E-86E2-435F-BA53-74DAB2B9F25C}.Debug|Any CPU.ActiveCfg = Debug|Any CPU
		{4483CC5E-86E2-435F-BA53-74DAB2B9F25C}.Debug|Any CPU.Build.0 = Debug|Any CPU
		{4483CC5E-86E2-435F-BA53-74DAB2B9F25C}.Release|Any CPU.ActiveCfg = Release|Any CPU
		{4483CC5E-86E2-435F-BA53-74DAB2B9F25C}.Release|Any CPU.Build.0 = Release|Any CPU
	EndGlobalSection
EndGlobal
