
Microsoft Visual Studio Solution File, Format Version 12.00
# Visual Studio Version 17
VisualStudioVersion = 17.0.31903.59
MinimumVisualStudioVersion = 10.0.40219.1
Project("{FAE04EC0-301F-11D3-BF4B-00C04F79EFBC}") = "Server", "Server\Server.csproj", "{1A62345A-13BB-4C54-9E49-70575FBCFDDE}"
EndProject
Project("{FAE04EC0-301F-11D3-BF4B-00C04F79EFBC}") = "Client", "Client\Client.csproj", "{CFEF4F9F-AEE0-4200-A0A4-C903422B6A1B}"
EndProject
Project("{FAE04EC0-301F-11D3-BF4B-00C04F79EFBC}") = "Shared", "Shared\Shared.csproj", "{3B234E1D-F6B8-476F-BA07-E9441B99306D}"
EndProject
Global
	GlobalSection(SolutionConfigurationPlatforms) = preSolution
		Debug|Any CPU = Debug|Any CPU
		Debug|x64 = Debug|x64
		Debug|x86 = Debug|x86
		Release|Any CPU = Release|Any CPU
		Release|x64 = Release|x64
		Release|x86 = Release|x86
	EndGlobalSection
	GlobalSection(ProjectConfigurationPlatforms) = postSolution
		{1A62345A-13BB-4C54-9E49-70575FBCFDDE}.Debug|Any CPU.ActiveCfg = Debug|Any CPU
		{1A62345A-13BB-4C54-9E49-70575FBCFDDE}.Debug|Any CPU.Build.0 = Debug|Any CPU
		{1A62345A-13BB-4C54-9E49-70575FBCFDDE}.Debug|x64.ActiveCfg = Debug|Any CPU
		{1A62345A-13BB-4C54-9E49-70575FBCFDDE}.Debug|x64.Build.0 = Debug|Any CPU
		{1A62345A-13BB-4C54-9E49-70575FBCFDDE}.Debug|x86.ActiveCfg = Debug|Any CPU
		{1A62345A-13BB-4C54-9E49-70575FBCFDDE}.Debug|x86.Build.0 = Debug|Any CPU
		{1A62345A-13BB-4C54-9E49-70575FBCFDDE}.Release|Any CPU.ActiveCfg = Release|Any CPU
		{1A62345A-13BB-4C54-9E49-70575FBCFDDE}.Release|Any CPU.Build.0 = Release|Any CPU
		{1A62345A-13BB-4C54-9E49-70575FBCFDDE}.Release|x64.ActiveCfg = Release|Any CPU
		{1A62345A-13BB-4C54-9E49-70575FBCFDDE}.Release|x64.Build.0 = Release|Any CPU
		{1A62345A-13BB-4C54-9E49-70575FBCFDDE}.Release|x86.ActiveCfg = Release|Any CPU
		{1A62345A-13BB-4C54-9E49-70575FBCFDDE}.Release|x86.Build.0 = Release|Any CPU
		{CFEF4F9F-AEE0-4200-A0A4-C903422B6A1B}.Debug|Any CPU.ActiveCfg = Debug|Any CPU
		{CFEF4F9F-AEE0-4200-A0A4-C903422B6A1B}.Debug|Any CPU.Build.0 = Debug|Any CPU
		{CFEF4F9F-AEE0-4200-A0A4-C903422B6A1B}.Debug|x64.ActiveCfg = Debug|Any CPU
		{CFEF4F9F-AEE0-4200-A0A4-C903422B6A1B}.Debug|x64.Build.0 = Debug|Any CPU
		{CFEF4F9F-AEE0-4200-A0A4-C903422B6A1B}.Debug|x86.ActiveCfg = Debug|Any CPU
		{CFEF4F9F-AEE0-4200-A0A4-C903422B6A1B}.Debug|x86.Build.0 = Debug|Any CPU
		{CFEF4F9F-AEE0-4200-A0A4-C903422B6A1B}.Release|Any CPU.ActiveCfg = Release|Any CPU
		{CFEF4F9F-AEE0-4200-A0A4-C903422B6A1B}.Release|Any CPU.Build.0 = Release|Any CPU
		{CFEF4F9F-AEE0-4200-A0A4-C903422B6A1B}.Release|x64.ActiveCfg = Release|Any CPU
		{CFEF4F9F-AEE0-4200-A0A4-C903422B6A1B}.Release|x64.Build.0 = Release|Any CPU
		{CFEF4F9F-AEE0-4200-A0A4-C903422B6A1B}.Release|x86.ActiveCfg = Release|Any CPU
		{CFEF4F9F-AEE0-4200-A0A4-C903422B6A1B}.Release|x86.Build.0 = Release|Any CPU
		{3B234E1D-F6B8-476F-BA07-E9441B99306D}.Debug|Any CPU.ActiveCfg = Debug|Any CPU
		{3B234E1D-F6B8-476F-BA07-E9441B99306D}.Debug|Any CPU.Build.0 = Debug|Any CPU
		{3B234E1D-F6B8-476F-BA07-E9441B99306D}.Debug|x64.ActiveCfg = Debug|Any CPU
		{3B234E1D-F6B8-476F-BA07-E9441B99306D}.Debug|x64.Build.0 = Debug|Any CPU
		{3B234E1D-F6B8-476F-BA07-E9441B99306D}.Debug|x86.ActiveCfg = Debug|Any CPU
		{3B234E1D-F6B8-476F-BA07-E9441B99306D}.Debug|x86.Build.0 = Debug|Any CPU
		{3B234E1D-F6B8-476F-BA07-E9441B99306D}.Release|Any CPU.ActiveCfg = Release|Any CPU
		{3B234E1D-F6B8-476F-BA07-E9441B99306D}.Release|Any CPU.Build.0 = Release|Any CPU
		{3B234E1D-F6B8-476F-BA07-E9441B99306D}.Release|x64.ActiveCfg = Release|Any CPU
		{3B234E1D-F6B8-476F-BA07-E9441B99306D}.Release|x64.Build.0 = Release|Any CPU
		{3B234E1D-F6B8-476F-BA07-E9441B99306D}.Release|x86.ActiveCfg = Release|Any CPU
		{3B234E1D-F6B8-476F-BA07-E9441B99306D}.Release|x86.Build.0 = Release|Any CPU
	EndGlobalSection
	GlobalSection(SolutionProperties) = preSolution
		HideSolutionNode = FALSE
	EndGlobalSection
EndGlobal
